{
  "name": "contexting-examples",
  "version": "0.0.1",
  "lockfileVersion": 3,
  "requires": true,
  "packages": {
    "": {
      "name": "contexting-examples",
      "version": "0.0.1",
      "dependencies": {
        "contexting": "file:../bindings/js/pkg-node"
      }
    },
    "..": {
      "version": "0.0.1",
      "dev": true,
      "optional": true,
      "peer": true,
      "devDependencies": {
        "typescript": "^5.7.3"
      }
    },
    "../bindings/js/pkg-node": {
      "name": "contexting-js",
      "version": "0.1.0"
    },
    "node_modules/contexting": {
      "resolved": "../bindings/js/pkg-node",
      "link": true
    }
  }
}
